
Microsoft Visual Studio Solution File, Format Version 12.00
# Visual Studio Version 17
VisualStudioVersion = 17.6.33815.320
MinimumVisualStudioVersion = 10.0.40219.1
Project("{FAE04EC0-301F-11D3-BF4B-00C04F79EFBC}") = "Web Form page Events", "Web Form page Events\Web Form page Events.csproj", "{77ECA135-84B8-41E6-AAAC-EF9C1E516E92}"
EndProject
Global
	GlobalSection(SolutionConfigurationPlatforms) = preSolution
		Debug|Any CPU = Debug|Any CPU
		Release|Any CPU = Release|Any CPU
	EndGlobalSection
	GlobalSection(ProjectConfigurationPlatforms) = postSolution
		{77ECA135-84B8-41E6-AAAC-EF9C1E516E92}.Debug|Any CPU.ActiveCfg = Debug|Any CPU
		{77ECA135-84B8-41E6-AAAC-EF9C1E516E92}.Debug|Any CPU.Build.0 = Debug|Any CPU
		{77ECA135-84B8-41E6-AAAC-EF9C1E516E92}.Release|Any CPU.ActiveCfg = Release|Any CPU
		{77ECA135-84B8-41E6-AAAC-EF9C1E516E92}.Release|Any CPU.Build.0 = Release|Any CPU
	EndGlobalSection
	GlobalSection(SolutionProperties) = preSolution
		HideSolutionNode = FALSE
	EndGlobalSection
	GlobalSection(ExtensibilityGlobals) = postSolution
		SolutionGuid = {59A6558A-D667-4F5B-9AEA-E580E38A20EE}
	EndGlobalSection
EndGlobal
