
Microsoft Visual Studio Solution File, Format Version 12.00
# Visual Studio Version 17
VisualStudioVersion = 17.6.33815.320
MinimumVisualStudioVersion = 10.0.40219.1
Project("{FAE04EC0-301F-11D3-BF4B-00C04F79EFBC}") = "using Custom Filter", "using Custom Filter\using Custom Filter.csproj", "{DA722CDD-376F-4970-BFB6-1B2E713E2E70}"
EndProject
Global
	GlobalSection(SolutionConfigurationPlatforms) = preSolution
		Debug|Any CPU = Debug|Any CPU
		Release|Any CPU = Release|Any CPU
	EndGlobalSection
	GlobalSection(ProjectConfigurationPlatforms) = postSolution
		{DA722CDD-376F-4970-BFB6-1B2E713E2E70}.Debug|Any CPU.ActiveCfg = Debug|Any CPU
		{DA722CDD-376F-4970-BFB6-1B2E713E2E70}.Debug|Any CPU.Build.0 = Debug|Any CPU
		{DA722CDD-376F-4970-BFB6-1B2E713E2E70}.Release|Any CPU.ActiveCfg = Release|Any CPU
		{DA722CDD-376F-4970-BFB6-1B2E713E2E70}.Release|Any CPU.Build.0 = Release|Any CPU
	EndGlobalSection
	GlobalSection(SolutionProperties) = preSolution
		HideSolutionNode = FALSE
	EndGlobalSection
	GlobalSection(ExtensibilityGlobals) = postSolution
		SolutionGuid = {E66265D1-6236-426F-A6A1-B2D41EDE3458}
	EndGlobalSection
EndGlobal
