
Microsoft Visual Studio Solution File, Format Version 12.00
# Visual Studio Version 17
VisualStudioVersion = 17.7.34018.315
MinimumVisualStudioVersion = 10.0.40219.1
Project("{FAE04EC0-301F-11D3-BF4B-00C04F79EFBC}") = "P3S4SecurityApplication", "P3S4SecurityApplication\P3S4SecurityApplication.csproj", "{EC7AFAED-BA80-47B5-B901-7D30120D84BA}"
EndProject
Global
	GlobalSection(SolutionConfigurationPlatforms) = preSolution
		Debug|Any CPU = Debug|Any CPU
		Release|Any CPU = Release|Any CPU
	EndGlobalSection
	GlobalSection(ProjectConfigurationPlatforms) = postSolution
		{EC7AFAED-BA80-47B5-B901-7D30120D84BA}.Debug|Any CPU.ActiveCfg = Debug|Any CPU
		{EC7AFAED-BA80-47B5-B901-7D30120D84BA}.Debug|Any CPU.Build.0 = Debug|Any CPU
		{EC7AFAED-BA80-47B5-B901-7D30120D84BA}.Release|Any CPU.ActiveCfg = Release|Any CPU
		{EC7AFAED-BA80-47B5-B901-7D30120D84BA}.Release|Any CPU.Build.0 = Release|Any CPU
	EndGlobalSection
	GlobalSection(SolutionProperties) = preSolution
		HideSolutionNode = FALSE
	EndGlobalSection
	GlobalSection(ExtensibilityGlobals) = postSolution
		SolutionGuid = {EF5A0BF7-57B3-4915-8C28-00A2FF832DC8}
	EndGlobalSection
EndGlobal
